
Microsoft Visual Studio Solution File, Format Version 12.00
# Visual Studio Version 17
VisualStudioVersion = 17.13.35931.197 d17.13
MinimumVisualStudioVersion = 10.0.40219.1
Project("{FAE04EC0-301F-11D3-BF4B-00C04F79EFBC}") = "IotHubDeviceSim", "IotHubDeviceSim\IotHubDeviceSim.csproj", "{B2C38C75-3DAE-3ECF-B217-65F7D39F8AEB}"
EndProject
Project("{FAE04EC0-301F-11D3-BF4B-00C04F79EFBC}") = "IotHubClientSim", "IotHubClientSim\IotHubClientSim.csproj", "{C3EAD189-96CE-BED6-6A6C-2918C60A35A1}"
EndProject
Project("{FAE04EC0-301F-11D3-BF4B-00C04F79EFBC}") = "IotHubClientConsumerSim", "IotHubClientConsumerSim\IotHubClientConsumerSim.csproj", "{62E93D68-8E78-EA9D-ABB8-B21798299A1D}"
EndProject
Global
	GlobalSection(SolutionConfigurationPlatforms) = preSolution
		Debug|Any CPU = Debug|Any CPU
		Release|Any CPU = Release|Any CPU
	EndGlobalSection
	GlobalSection(ProjectConfigurationPlatforms) = postSolution
		{B2C38C75-3DAE-3ECF-B217-65F7D39F8AEB}.Debug|Any CPU.ActiveCfg = Debug|Any CPU
		{B2C38C75-3DAE-3ECF-B217-65F7D39F8AEB}.Debug|Any CPU.Build.0 = Debug|Any CPU
		{B2C38C75-3DAE-3ECF-B217-65F7D39F8AEB}.Release|Any CPU.ActiveCfg = Release|Any CPU
		{B2C38C75-3DAE-3ECF-B217-65F7D39F8AEB}.Release|Any CPU.Build.0 = Release|Any CPU
		{C3EAD189-96CE-BED6-6A6C-2918C60A35A1}.Debug|Any CPU.ActiveCfg = Debug|Any CPU
		{C3EAD189-96CE-BED6-6A6C-2918C60A35A1}.Debug|Any CPU.Build.0 = Debug|Any CPU
		{C3EAD189-96CE-BED6-6A6C-2918C60A35A1}.Release|Any CPU.ActiveCfg = Release|Any CPU
		{C3EAD189-96CE-BED6-6A6C-2918C60A35A1}.Release|Any CPU.Build.0 = Release|Any CPU
		{62E93D68-8E78-EA9D-ABB8-B21798299A1D}.Debug|Any CPU.ActiveCfg = Debug|Any CPU
		{62E93D68-8E78-EA9D-ABB8-B21798299A1D}.Debug|Any CPU.Build.0 = Debug|Any CPU
		{62E93D68-8E78-EA9D-ABB8-B21798299A1D}.Release|Any CPU.ActiveCfg = Release|Any CPU
		{62E93D68-8E78-EA9D-ABB8-B21798299A1D}.Release|Any CPU.Build.0 = Release|Any CPU
	EndGlobalSection
	GlobalSection(SolutionProperties) = preSolution
		HideSolutionNode = FALSE
	EndGlobalSection
	GlobalSection(ExtensibilityGlobals) = postSolution
		SolutionGuid = {E02E62FB-4FB0-4DF3-BB1C-C32933E68063}
	EndGlobalSection
EndGlobal
